
Microsoft Visual Studio Solution File, Format Version 12.00
# Visual Studio 15
VisualStudioVersion = 15.0.27703.2042
MinimumVisualStudioVersion = 10.0.40219.1
Project("{FAE04EC0-301F-11D3-BF4B-00C04F79EFBC}") = "M_LHZMJ", "M_SZMJ\M_LHZMJ.csproj", "{7043AC99-F419-44C5-9FDD-B458A12E49CF}"
EndProject
Project("{FAE04EC0-301F-11D3-BF4B-00C04F79EFBC}") = "M_LHZMJ_GameMessage", "M_SZMJ_GameMessage\M_LHZMJ_GameMessage.csproj", "{BB6988FD-48D9-4B4F-9CE1-743D2E5E75F4}"
EndProject
Project("{FAE04EC0-301F-11D3-BF4B-00C04F79EFBC}") = "MahjongAlgorithmForLHZMJ", "MahjongAlgorithmForSZMJ\MahjongAlgorithmForLHZMJ.csproj", "{619C7957-7F25-4808-BF3D-480F86B0681E}"
EndProject
Global
	GlobalSection(SolutionConfigurationPlatforms) = preSolution
		Debug|Any CPU = Debug|Any CPU
		Release|Any CPU = Release|Any CPU
	EndGlobalSection
	GlobalSection(ProjectConfigurationPlatforms) = postSolution
		{7043AC99-F419-44C5-9FDD-B458A12E49CF}.Debug|Any CPU.ActiveCfg = Debug|Any CPU
		{7043AC99-F419-44C5-9FDD-B458A12E49CF}.Debug|Any CPU.Build.0 = Debug|Any CPU
		{7043AC99-F419-44C5-9FDD-B458A12E49CF}.Release|Any CPU.ActiveCfg = Release|Any CPU
		{7043AC99-F419-44C5-9FDD-B458A12E49CF}.Release|Any CPU.Build.0 = Release|Any CPU
		{BB6988FD-48D9-4B4F-9CE1-743D2E5E75F4}.Debug|Any CPU.ActiveCfg = Debug|Any CPU
		{BB6988FD-48D9-4B4F-9CE1-743D2E5E75F4}.Debug|Any CPU.Build.0 = Debug|Any CPU
		{BB6988FD-48D9-4B4F-9CE1-743D2E5E75F4}.Release|Any CPU.ActiveCfg = Release|Any CPU
		{BB6988FD-48D9-4B4F-9CE1-743D2E5E75F4}.Release|Any CPU.Build.0 = Release|Any CPU
		{619C7957-7F25-4808-BF3D-480F86B0681E}.Debug|Any CPU.ActiveCfg = Debug|Any CPU
		{619C7957-7F25-4808-BF3D-480F86B0681E}.Debug|Any CPU.Build.0 = Debug|Any CPU
		{619C7957-7F25-4808-BF3D-480F86B0681E}.Release|Any CPU.ActiveCfg = Release|Any CPU
		{619C7957-7F25-4808-BF3D-480F86B0681E}.Release|Any CPU.Build.0 = Release|Any CPU
	EndGlobalSection
	GlobalSection(SolutionProperties) = preSolution
		HideSolutionNode = FALSE
	EndGlobalSection
	GlobalSection(ExtensibilityGlobals) = postSolution
		SolutionGuid = {867F530C-32CE-4A25-9CA8-61E310187B08}
	EndGlobalSection
EndGlobal
